
Microsoft Visual Studio Solution File, Format Version 12.00
# Visual Studio Version 17
VisualStudioVersion = 17.10.35013.160
MinimumVisualStudioVersion = 10.0.40219.1
Project("{FAE04EC0-301F-11D3-BF4B-00C04F79EFBC}") = "Restaurant Management", "Restaurant Management\Restaurant Management.csproj", "{43698D4C-87D5-425B-9A4F-F46B24EF0004}"
EndProject
Global
	GlobalSection(SolutionConfigurationPlatforms) = preSolution
		Debug|Any CPU = Debug|Any CPU
		Release|Any CPU = Release|Any CPU
	EndGlobalSection
	GlobalSection(ProjectConfigurationPlatforms) = postSolution
		{43698D4C-87D5-425B-9A4F-F46B24EF0004}.Debug|Any CPU.ActiveCfg = Debug|Any CPU
		{43698D4C-87D5-425B-9A4F-F46B24EF0004}.Debug|Any CPU.Build.0 = Debug|Any CPU
		{43698D4C-87D5-425B-9A4F-F46B24EF0004}.Release|Any CPU.ActiveCfg = Release|Any CPU
		{43698D4C-87D5-425B-9A4F-F46B24EF0004}.Release|Any CPU.Build.0 = Release|Any CPU
	EndGlobalSection
	GlobalSection(SolutionProperties) = preSolution
		HideSolutionNode = FALSE
	EndGlobalSection
	GlobalSection(ExtensibilityGlobals) = postSolution
		SolutionGuid = {3ED7653B-5B19-498C-B4D1-A6AD389498E3}
	EndGlobalSection
EndGlobal
