
Microsoft Visual Studio Solution File, Format Version 12.00
# Visual Studio Version 17
VisualStudioVersion = 17.10.35013.160
MinimumVisualStudioVersion = 10.0.40219.1
Project("{FAE04EC0-301F-11D3-BF4B-00C04F79EFBC}") = "Assignment_4", "Assignment_4\Assignment_4.csproj", "{31CDBF1B-E59E-49C6-AD3D-AF9EAE707DDD}"
EndProject
Global
	GlobalSection(SolutionConfigurationPlatforms) = preSolution
		Debug|Any CPU = Debug|Any CPU
		Release|Any CPU = Release|Any CPU
	EndGlobalSection
	GlobalSection(ProjectConfigurationPlatforms) = postSolution
		{31CDBF1B-E59E-49C6-AD3D-AF9EAE707DDD}.Debug|Any CPU.ActiveCfg = Debug|Any CPU
		{31CDBF1B-E59E-49C6-AD3D-AF9EAE707DDD}.Debug|Any CPU.Build.0 = Debug|Any CPU
		{31CDBF1B-E59E-49C6-AD3D-AF9EAE707DDD}.Release|Any CPU.ActiveCfg = Release|Any CPU
		{31CDBF1B-E59E-49C6-AD3D-AF9EAE707DDD}.Release|Any CPU.Build.0 = Release|Any CPU
	EndGlobalSection
	GlobalSection(SolutionProperties) = preSolution
		HideSolutionNode = FALSE
	EndGlobalSection
	GlobalSection(ExtensibilityGlobals) = postSolution
		SolutionGuid = {64DFDB5F-F7FB-4565-849C-CB5E38A9BF92}
	EndGlobalSection
EndGlobal
